
Microsoft Visual Studio Solution File, Format Version 12.00
# Visual Studio 15
VisualStudioVersion = 15.0.28307.489
MinimumVisualStudioVersion = 10.0.40219.1
Project("{FAE04EC0-301F-11D3-BF4B-00C04F79EFBC}") = "Library-MVC-UI", "Library-MVC-UI\Library-MVC-UI.csproj", "{EE766800-F64F-42A2-9D01-5E4B7B7C81E6}"
EndProject
Project("{FAE04EC0-301F-11D3-BF4B-00C04F79EFBC}") = "Entity", "Entity\Entity.csproj", "{C8CFC332-8D0B-477B-BD9A-3FDC325DF558}"
EndProject
Project("{FAE04EC0-301F-11D3-BF4B-00C04F79EFBC}") = "DAL", "DAL\DAL.csproj", "{02BE5B3C-E9AD-4802-A237-2A856C09620A}"
EndProject
Project("{FAE04EC0-301F-11D3-BF4B-00C04F79EFBC}") = "BLL", "BLL\BLL.csproj", "{32AB8CF9-4AAB-47F3-B739-36498D7039D2}"
EndProject
Global
	GlobalSection(SolutionConfigurationPlatforms) = preSolution
		Debug|Any CPU = Debug|Any CPU
		Release|Any CPU = Release|Any CPU
	EndGlobalSection
	GlobalSection(ProjectConfigurationPlatforms) = postSolution
		{EE766800-F64F-42A2-9D01-5E4B7B7C81E6}.Debug|Any CPU.ActiveCfg = Debug|Any CPU
		{EE766800-F64F-42A2-9D01-5E4B7B7C81E6}.Debug|Any CPU.Build.0 = Debug|Any CPU
		{EE766800-F64F-42A2-9D01-5E4B7B7C81E6}.Release|Any CPU.ActiveCfg = Release|Any CPU
		{EE766800-F64F-42A2-9D01-5E4B7B7C81E6}.Release|Any CPU.Build.0 = Release|Any CPU
		{C8CFC332-8D0B-477B-BD9A-3FDC325DF558}.Debug|Any CPU.ActiveCfg = Debug|Any CPU
		{C8CFC332-8D0B-477B-BD9A-3FDC325DF558}.Debug|Any CPU.Build.0 = Debug|Any CPU
		{C8CFC332-8D0B-477B-BD9A-3FDC325DF558}.Release|Any CPU.ActiveCfg = Release|Any CPU
		{C8CFC332-8D0B-477B-BD9A-3FDC325DF558}.Release|Any CPU.Build.0 = Release|Any CPU
		{02BE5B3C-E9AD-4802-A237-2A856C09620A}.Debug|Any CPU.ActiveCfg = Debug|Any CPU
		{02BE5B3C-E9AD-4802-A237-2A856C09620A}.Debug|Any CPU.Build.0 = Debug|Any CPU
		{02BE5B3C-E9AD-4802-A237-2A856C09620A}.Release|Any CPU.ActiveCfg = Release|Any CPU
		{02BE5B3C-E9AD-4802-A237-2A856C09620A}.Release|Any CPU.Build.0 = Release|Any CPU
		{32AB8CF9-4AAB-47F3-B739-36498D7039D2}.Debug|Any CPU.ActiveCfg = Debug|Any CPU
		{32AB8CF9-4AAB-47F3-B739-36498D7039D2}.Debug|Any CPU.Build.0 = Debug|Any CPU
		{32AB8CF9-4AAB-47F3-B739-36498D7039D2}.Release|Any CPU.ActiveCfg = Release|Any CPU
		{32AB8CF9-4AAB-47F3-B739-36498D7039D2}.Release|Any CPU.Build.0 = Release|Any CPU
	EndGlobalSection
	GlobalSection(SolutionProperties) = preSolution
		HideSolutionNode = FALSE
	EndGlobalSection
	GlobalSection(ExtensibilityGlobals) = postSolution
		SolutionGuid = {46E3C29D-A348-4D49-8490-74A206F51BDE}
	EndGlobalSection
EndGlobal
